// !$*UTF8*$!
{
	archiveVersion = 1;
	classes = {
	};
	objectVersion = 56;
	objects = {

/* Begin PBXBuildFile section */
		23D41F9B2BF45AF300E12BAF /* AppDelegate.swift in Sources */ = {isa = PBXBuildFile; fileRef = 23D41F9A2BF45AF300E12BAF /* AppDelegate.swift */; };
		23D41F9D2BF45AF300E12BAF /* SceneDelegate.swift in Sources */ = {isa = PBXBuildFile; fileRef = 23D41F9C2BF45AF300E12BAF /* SceneDelegate.swift */; };
		23D41F9F2BF45AF300E12BAF /* NewsHomeViewController.swift in Sources */ = {isa = PBXBuildFile; fileRef = 23D41F9E2BF45AF300E12BAF /* NewsHomeViewController.swift */; };
		23D41FA42BF45AF400E12BAF /* Assets.xcassets in Resources */ = {isa = PBXBuildFile; fileRef = 23D41FA32BF45AF400E12BAF /* Assets.xcassets */; };
		23D41FA72BF45AF400E12BAF /* Base in Resources */ = {isa = PBXBuildFile; fileRef = 23D41FA62BF45AF400E12BAF /* Base */; };
		23D41FB42BF4615900E12BAF /* APIKEY.swift in Sources */ = {isa = PBXBuildFile; fileRef = 23D41FB32BF4615900E12BAF /* APIKEY.swift */; };
		23D41FB62BF46F9600E12BAF /* NewsType.swift in Sources */ = {isa = PBXBuildFile; fileRef = 23D41FB52BF46F9600E12BAF /* NewsType.swift */; };
		23D41FB82BF46FD600E12BAF /* NewsServiceProtocol.swift in Sources */ = {isa = PBXBuildFile; fileRef = 23D41FB72BF46FD600E12BAF /* NewsServiceProtocol.swift */; };
		23D41FBA2BF4702D00E12BAF /* NewsService.swift in Sources */ = {isa = PBXBuildFile; fileRef = 23D41FB92BF4702D00E12BAF /* NewsService.swift */; };
		23D41FBC2BF4706F00E12BAF /* NetworkError.swift in Sources */ = {isa = PBXBuildFile; fileRef = 23D41FBB2BF4706E00E12BAF /* NetworkError.swift */; };
		23D41FC02BF471A800E12BAF /* News.swift in Sources */ = {isa = PBXBuildFile; fileRef = 23D41FBF2BF471A800E12BAF /* News.swift */; };
		23D41FC22BF4739D00E12BAF /* NewsHomeViewModel.swift in Sources */ = {isa = PBXBuildFile; fileRef = 23D41FC12BF4739D00E12BAF /* NewsHomeViewModel.swift */; };
/* End PBXBuildFile section */

/* Begin PBXFileReference section */
		23D41F972BF45AF300E12BAF /* NewsAppChallenge.app */ = {isa = PBXFileReference; explicitFileType = wrapper.application; includeInIndex = 0; path = NewsAppChallenge.app; sourceTree = BUILT_PRODUCTS_DIR; };
		23D41F9A2BF45AF300E12BAF /* AppDelegate.swift */ = {isa = PBXFileReference; lastKnownFileType = sourcecode.swift; path = AppDelegate.swift; sourceTree = "<group>"; };
		23D41F9C2BF45AF300E12BAF /* SceneDelegate.swift */ = {isa = PBXFileReference; lastKnownFileType = sourcecode.swift; path = SceneDelegate.swift; sourceTree = "<group>"; };
		23D41F9E2BF45AF300E12BAF /* NewsHomeViewController.swift */ = {isa = PBXFileReference; lastKnownFileType = sourcecode.swift; path = NewsHomeViewController.swift; sourceTree = "<group>"; };
		23D41FA32BF45AF400E12BAF /* Assets.xcassets */ = {isa = PBXFileReference; lastKnownFileType = folder.assetcatalog; path = Assets.xcassets; sourceTree = "<group>"; };
		23D41FA62BF45AF400E12BAF /* Base */ = {isa = PBXFileReference; lastKnownFileType = file.storyboard; name = Base; path = Base.lproj/LaunchScreen.storyboard; sourceTree = "<group>"; };
		23D41FA82BF45AF400E12BAF /* Info.plist */ = {isa = PBXFileReference; lastKnownFileType = text.plist.xml; path = Info.plist; sourceTree = "<group>"; };
		23D41FB32BF4615900E12BAF /* APIKEY.swift */ = {isa = PBXFileReference; lastKnownFileType = sourcecode.swift; path = APIKEY.swift; sourceTree = "<group>"; };
		23D41FB52BF46F9600E12BAF /* NewsType.swift */ = {isa = PBXFileReference; lastKnownFileType = sourcecode.swift; path = NewsType.swift; sourceTree = "<group>"; };
		23D41FB72BF46FD600E12BAF /* NewsServiceProtocol.swift */ = {isa = PBXFileReference; lastKnownFileType = sourcecode.swift; path = NewsServiceProtocol.swift; sourceTree = "<group>"; };
		23D41FB92BF4702D00E12BAF /* NewsService.swift */ = {isa = PBXFileReference; lastKnownFileType = sourcecode.swift; path = NewsService.swift; sourceTree = "<group>"; };
		23D41FBB2BF4706E00E12BAF /* NetworkError.swift */ = {isa = PBXFileReference; lastKnownFileType = sourcecode.swift; path = NetworkError.swift; sourceTree = "<group>"; };
		23D41FBF2BF471A800E12BAF /* News.swift */ = {isa = PBXFileReference; lastKnownFileType = sourcecode.swift; path = News.swift; sourceTree = "<group>"; };
		23D41FC12BF4739D00E12BAF /* NewsHomeViewModel.swift */ = {isa = PBXFileReference; lastKnownFileType = sourcecode.swift; path = NewsHomeViewModel.swift; sourceTree = "<group>"; };
/* End PBXFileReference section */

/* Begin PBXFrameworksBuildPhase section */
		23D41F942BF45AF300E12BAF /* Frameworks */ = {
			isa = PBXFrameworksBuildPhase;
			buildActionMask = 2147483647;
			files = (
			);
			runOnlyForDeploymentPostprocessing = 0;
		};
/* End PBXFrameworksBuildPhase section */

/* Begin PBXGroup section */
		23D41F8E2BF45AF300E12BAF = {
			isa = PBXGroup;
			children = (
				23D41F992BF45AF300E12BAF /* NewsAppChallenge */,
				23D41F982BF45AF300E12BAF /* Products */,
			);
			sourceTree = "<group>";
		};
		23D41F982BF45AF300E12BAF /* Products */ = {
			isa = PBXGroup;
			children = (
				23D41F972BF45AF300E12BAF /* NewsAppChallenge.app */,
			);
			name = Products;
			sourceTree = "<group>";
		};
		23D41F992BF45AF300E12BAF /* NewsAppChallenge */ = {
			isa = PBXGroup;
			children = (
				23D41FBD2BF4719300E12BAF /* Model */,
				23D41FB02BF45CE100E12BAF /* NetworkService */,
				23D41FAE2BF45CCE00E12BAF /* Views */,
				23D41F9A2BF45AF300E12BAF /* AppDelegate.swift */,
				23D41F9C2BF45AF300E12BAF /* SceneDelegate.swift */,
				23D41FA32BF45AF400E12BAF /* Assets.xcassets */,
				23D41FA52BF45AF400E12BAF /* LaunchScreen.storyboard */,
				23D41FA82BF45AF400E12BAF /* Info.plist */,
			);
			path = NewsAppChallenge;
			sourceTree = "<group>";
		};
		23D41FAE2BF45CCE00E12BAF /* Views */ = {
			isa = PBXGroup;
			children = (
				23D41FB22BF45CFE00E12BAF /* DetailsScreen */,
				23D41FB12BF45CF100E12BAF /* HomeScreen */,
				23D41FAF2BF45CD900E12BAF /* Components */,
			);
			path = Views;
			sourceTree = "<group>";
		};
		23D41FAF2BF45CD900E12BAF /* Components */ = {
			isa = PBXGroup;
			children = (
			);
			path = Components;
			sourceTree = "<group>";
		};
		23D41FB02BF45CE100E12BAF /* NetworkService */ = {
			isa = PBXGroup;
			children = (
				23D41FB32BF4615900E12BAF /* APIKEY.swift */,
				23D41FB52BF46F9600E12BAF /* NewsType.swift */,
				23D41FB72BF46FD600E12BAF /* NewsServiceProtocol.swift */,
				23D41FB92BF4702D00E12BAF /* NewsService.swift */,
				23D41FBB2BF4706E00E12BAF /* NetworkError.swift */,
			);
			path = NetworkService;
			sourceTree = "<group>";
		};
		23D41FB12BF45CF100E12BAF /* HomeScreen */ = {
			isa = PBXGroup;
			children = (
				23D41F9E2BF45AF300E12BAF /* NewsHomeViewController.swift */,
				23D41FC12BF4739D00E12BAF /* NewsHomeViewModel.swift */,
			);
			path = HomeScreen;
			sourceTree = "<group>";
		};
		23D41FB22BF45CFE00E12BAF /* DetailsScreen */ = {
			isa = PBXGroup;
			children = (
			);
			path = DetailsScreen;
			sourceTree = "<group>";
		};
		23D41FBD2BF4719300E12BAF /* Model */ = {
			isa = PBXGroup;
			children = (
				23D41FBF2BF471A800E12BAF /* News.swift */,
			);
			path = Model;
			sourceTree = "<group>";
		};
/* End PBXGroup section */

/* Begin PBXNativeTarget section */
		23D41F962BF45AF300E12BAF /* NewsAppChallenge */ = {
			isa = PBXNativeTarget;
			buildConfigurationList = 23D41FAB2BF45AF400E12BAF /* Build configuration list for PBXNativeTarget "NewsAppChallenge" */;
			buildPhases = (
				23D41F932BF45AF300E12BAF /* Sources */,
				23D41F942BF45AF300E12BAF /* Frameworks */,
				23D41F952BF45AF300E12BAF /* Resources */,
			);
			buildRules = (
			);
			dependencies = (
			);
			name = NewsAppChallenge;
			productName = NewsAppChallenge;
			productReference = 23D41F972BF45AF300E12BAF /* NewsAppChallenge.app */;
			productType = "com.apple.product-type.application";
		};
/* End PBXNativeTarget section */

/* Begin PBXProject section */
		23D41F8F2BF45AF300E12BAF /* Project object */ = {
			isa = PBXProject;
			attributes = {
				BuildIndependentTargetsInParallel = 1;
				LastSwiftUpdateCheck = 1530;
				LastUpgradeCheck = 1530;
				TargetAttributes = {
					23D41F962BF45AF300E12BAF = {
						CreatedOnToolsVersion = 15.3;
					};
				};
			};
			buildConfigurationList = 23D41F922BF45AF300E12BAF /* Build configuration list for PBXProject "NewsAppChallenge" */;
			compatibilityVersion = "Xcode 14.0";
			developmentRegion = en;
			hasScannedForEncodings = 0;
			knownRegions = (
				en,
				Base,
			);
			mainGroup = 23D41F8E2BF45AF300E12BAF;
			productRefGroup = 23D41F982BF45AF300E12BAF /* Products */;
			projectDirPath = "";
			projectRoot = "";
			targets = (
				23D41F962BF45AF300E12BAF /* NewsAppChallenge */,
			);
		};
/* End PBXProject section */

/* Begin PBXResourcesBuildPhase section */
		23D41F952BF45AF300E12BAF /* Resources */ = {
			isa = PBXResourcesBuildPhase;
			buildActionMask = 2147483647;
			files = (
				23D41FA42BF45AF400E12BAF /* Assets.xcassets in Resources */,
				23D41FA72BF45AF400E12BAF /* Base in Resources */,
			);
			runOnlyForDeploymentPostprocessing = 0;
		};
/* End PBXResourcesBuildPhase section */

/* Begin PBXSourcesBuildPhase section */
		23D41F932BF45AF300E12BAF /* Sources */ = {
			isa = PBXSourcesBuildPhase;
			buildActionMask = 2147483647;
			files = (
				23D41F9F2BF45AF300E12BAF /* NewsHomeViewController.swift in Sources */,
				23D41FBC2BF4706F00E12BAF /* NetworkError.swift in Sources */,
				23D41FC22BF4739D00E12BAF /* NewsHomeViewModel.swift in Sources */,
				23D41F9B2BF45AF300E12BAF /* AppDelegate.swift in Sources */,
				23D41FC02BF471A800E12BAF /* News.swift in Sources */,
				23D41FB82BF46FD600E12BAF /* NewsServiceProtocol.swift in Sources */,
				23D41FBA2BF4702D00E12BAF /* NewsService.swift in Sources */,
				23D41FB62BF46F9600E12BAF /* NewsType.swift in Sources */,
				23D41FB42BF4615900E12BAF /* APIKEY.swift in Sources */,
				23D41F9D2BF45AF300E12BAF /* SceneDelegate.swift in Sources */,
			);
			runOnlyForDeploymentPostprocessing = 0;
		};
/* End PBXSourcesBuildPhase section */

/* Begin PBXVariantGroup section */
		23D41FA52BF45AF400E12BAF /* LaunchScreen.storyboard */ = {
			isa = PBXVariantGroup;
			children = (
				23D41FA62BF45AF400E12BAF /* Base */,
			);
			name = LaunchScreen.storyboard;
			sourceTree = "<group>";
		};
/* End PBXVariantGroup section */

/* Begin XCBuildConfiguration section */
		23D41FA92BF45AF400E12BAF /* Debug */ = {
			isa = XCBuildConfiguration;
			buildSettings = {
				ALWAYS_SEARCH_USER_PATHS = NO;
				ASSETCATALOG_COMPILER_GENERATE_SWIFT_ASSET_SYMBOL_EXTENSIONS = YES;
				CLANG_ANALYZER_NONNULL = YES;
				CLANG_ANALYZER_NUMBER_OBJECT_CONVERSION = YES_AGGRESSIVE;
				CLANG_CXX_LANGUAGE_STANDARD = "gnu++20";
				CLANG_ENABLE_MODULES = YES;
				CLANG_ENABLE_OBJC_ARC = YES;
				CLANG_ENABLE_OBJC_WEAK = YES;
				CLANG_WARN_BLOCK_CAPTURE_AUTORELEASING = YES;
				CLANG_WARN_BOOL_CONVERSION = YES;
				CLANG_WARN_COMMA = YES;
				CLANG_WARN_CONSTANT_CONVERSION = YES;
				CLANG_WARN_DEPRECATED_OBJC_IMPLEMENTATIONS = YES;
				CLANG_WARN_DIRECT_OBJC_ISA_USAGE = YES_ERROR;
				CLANG_WARN_DOCUMENTATION_COMMENTS = YES;
				CLANG_WARN_EMPTY_BODY = YES;
				CLANG_WARN_ENUM_CONVERSION = YES;
				CLANG_WARN_INFINITE_RECURSION = YES;
				CLANG_WARN_INT_CONVERSION = YES;
				CLANG_WARN_NON_LITERAL_NULL_CONVERSION = YES;
				CLANG_WARN_OBJC_IMPLICIT_RETAIN_SELF = YES;
				CLANG_WARN_OBJC_LITERAL_CONVERSION = YES;
				CLANG_WARN_OBJC_ROOT_CLASS = YES_ERROR;
				CLANG_WARN_QUOTED_INCLUDE_IN_FRAMEWORK_HEADER = YES;
				CLANG_WARN_RANGE_LOOP_ANALYSIS = YES;
				CLANG_WARN_STRICT_PROTOTYPES = YES;
				CLANG_WARN_SUSPICIOUS_MOVE = YES;
				CLANG_WARN_UNGUARDED_AVAILABILITY = YES_AGGRESSIVE;
				CLANG_WARN_UNREACHABLE_CODE = YES;
				CLANG_WARN__DUPLICATE_METHOD_MATCH = YES;
				COPY_PHASE_STRIP = NO;
				DEBUG_INFORMATION_FORMAT = dwarf;
				ENABLE_STRICT_OBJC_MSGSEND = YES;
				ENABLE_TESTABILITY = YES;
				ENABLE_USER_SCRIPT_SANDBOXING = YES;
				GCC_C_LANGUAGE_STANDARD = gnu17;
				GCC_DYNAMIC_NO_PIC = NO;
				GCC_NO_COMMON_BLOCKS = YES;
				GCC_OPTIMIZATION_LEVEL = 0;
				GCC_PREPROCESSOR_DEFINITIONS = (
					"DEBUG=1",
					"$(inherited)",
				);
				GCC_WARN_64_TO_32_BIT_CONVERSION = YES;
				GCC_WARN_ABOUT_RETURN_TYPE = YES_ERROR;
				GCC_WARN_UNDECLARED_SELECTOR = YES;
				GCC_WARN_UNINITIALIZED_AUTOS = YES_AGGRESSIVE;
				GCC_WARN_UNUSED_FUNCTION = YES;
				GCC_WARN_UNUSED_VARIABLE = YES;
				IPHONEOS_DEPLOYMENT_TARGET = 14.0;
				LOCALIZATION_PREFERS_STRING_CATALOGS = YES;
				MTL_ENABLE_DEBUG_INFO = INCLUDE_SOURCE;
				MTL_FAST_MATH = YES;
				ONLY_ACTIVE_ARCH = YES;
				SDKROOT = iphoneos;
				SWIFT_ACTIVE_COMPILATION_CONDITIONS = "DEBUG $(inherited)";
				SWIFT_OPTIMIZATION_LEVEL = "-Onone";
			};
			name = Debug;
		};
		23D41FAA2BF45AF400E12BAF /* Release */ = {
			isa = XCBuildConfiguration;
			buildSettings = {
				ALWAYS_SEARCH_USER_PATHS = NO;
				ASSETCATALOG_COMPILER_GENERATE_SWIFT_ASSET_SYMBOL_EXTENSIONS = YES;
				CLANG_ANALYZER_NONNULL = YES;
				CLANG_ANALYZER_NUMBER_OBJECT_CONVERSION = YES_AGGRESSIVE;
				CLANG_CXX_LANGUAGE_STANDARD = "gnu++20";
				CLANG_ENABLE_MODULES = YES;
				CLANG_ENABLE_OBJC_ARC = YES;
				CLANG_ENABLE_OBJC_WEAK = YES;
				CLANG_WARN_BLOCK_CAPTURE_AUTORELEASING = YES;
				CLANG_WARN_BOOL_CONVERSION = YES;
				CLANG_WARN_COMMA = YES;
				CLANG_WARN_CONSTANT_CONVERSION = YES;
				CLANG_WARN_DEPRECATED_OBJC_IMPLEMENTATIONS = YES;
				CLANG_WARN_DIRECT_OBJC_ISA_USAGE = YES_ERROR;
				CLANG_WARN_DOCUMENTATION_COMMENTS = YES;
				CLANG_WARN_EMPTY_BODY = YES;
				CLANG_WARN_ENUM_CONVERSION = YES;
				CLANG_WARN_INFINITE_RECURSION = YES;
				CLANG_WARN_INT_CONVERSION = YES;
				CLANG_WARN_NON_LITERAL_NULL_CONVERSION = YES;
				CLANG_WARN_OBJC_IMPLICIT_RETAIN_SELF = YES;
				CLANG_WARN_OBJC_LITERAL_CONVERSION = YES;
				CLANG_WARN_OBJC_ROOT_CLASS = YES_ERROR;
				CLANG_WARN_QUOTED_INCLUDE_IN_FRAMEWORK_HEADER = YES;
				CLANG_WARN_RANGE_LOOP_ANALYSIS = YES;
				CLANG_WARN_STRICT_PROTOTYPES = YES;
				CLANG_WARN_SUSPICIOUS_MOVE = YES;
				CLANG_WARN_UNGUARDED_AVAILABILITY = YES_AGGRESSIVE;
				CLANG_WARN_UNREACHABLE_CODE = YES;
				CLANG_WARN__DUPLICATE_METHOD_MATCH = YES;
				COPY_PHASE_STRIP = NO;
				DEBUG_INFORMATION_FORMAT = "dwarf-with-dsym";
				ENABLE_NS_ASSERTIONS = NO;
				ENABLE_STRICT_OBJC_MSGSEND = YES;
				ENABLE_USER_SCRIPT_SANDBOXING = YES;
				GCC_C_LANGUAGE_STANDARD = gnu17;
				GCC_NO_COMMON_BLOCKS = YES;
				GCC_WARN_64_TO_32_BIT_CONVERSION = YES;
				GCC_WARN_ABOUT_RETURN_TYPE = YES_ERROR;
				GCC_WARN_UNDECLARED_SELECTOR = YES;
				GCC_WARN_UNINITIALIZED_AUTOS = YES_AGGRESSIVE;
				GCC_WARN_UNUSED_FUNCTION = YES;
				GCC_WARN_UNUSED_VARIABLE = YES;
				IPHONEOS_DEPLOYMENT_TARGET = 14.0;
				LOCALIZATION_PREFERS_STRING_CATALOGS = YES;
				MTL_ENABLE_DEBUG_INFO = NO;
				MTL_FAST_MATH = YES;
				SDKROOT = iphoneos;
				SWIFT_COMPILATION_MODE = wholemodule;
				VALIDATE_PRODUCT = YES;
			};
			name = Release;
		};
		23D41FAC2BF45AF400E12BAF /* Debug */ = {
			isa = XCBuildConfiguration;
			buildSettings = {
				ASSETCATALOG_COMPILER_APPICON_NAME = AppIcon;
				ASSETCATALOG_COMPILER_GLOBAL_ACCENT_COLOR_NAME = AccentColor;
				CODE_SIGN_STYLE = Automatic;
				CURRENT_PROJECT_VERSION = 1;
				DEVELOPMENT_TEAM = TPM3CS87N5;
				GENERATE_INFOPLIST_FILE = YES;
				INFOPLIST_FILE = NewsAppChallenge/Info.plist;
				INFOPLIST_KEY_UIApplicationSupportsIndirectInputEvents = YES;
				INFOPLIST_KEY_UILaunchStoryboardName = LaunchScreen;
				INFOPLIST_KEY_UISupportedInterfaceOrientations_iPad = "UIInterfaceOrientationPortrait UIInterfaceOrientationPortraitUpsideDown UIInterfaceOrientationLandscapeLeft UIInterfaceOrientationLandscapeRight";
				INFOPLIST_KEY_UISupportedInterfaceOrientations_iPhone = "UIInterfaceOrientationPortrait UIInterfaceOrientationLandscapeLeft UIInterfaceOrientationLandscapeRight";
				IPHONEOS_DEPLOYMENT_TARGET = 14.0;
				LD_RUNPATH_SEARCH_PATHS = (
					"$(inherited)",
					"@executable_path/Frameworks",
				);
				MARKETING_VERSION = 1.0;
				PRODUCT_BUNDLE_IDENTIFIER = com.filipeilunga.NewsAppChallenge;
				PRODUCT_NAME = "$(TARGET_NAME)";
				SWIFT_EMIT_LOC_STRINGS = YES;
				SWIFT_VERSION = 5.0;
				TARGETED_DEVICE_FAMILY = "1,2";
			};
			name = Debug;
		};
		23D41FAD2BF45AF400E12BAF /* Release */ = {
			isa = XCBuildConfiguration;
			buildSettings = {
				ASSETCATALOG_COMPILER_APPICON_NAME = AppIcon;
				ASSETCATALOG_COMPILER_GLOBAL_ACCENT_COLOR_NAME = AccentColor;
				CODE_SIGN_STYLE = Automatic;
				CURRENT_PROJECT_VERSION = 1;
				DEVELOPMENT_TEAM = TPM3CS87N5;
				GENERATE_INFOPLIST_FILE = YES;
				INFOPLIST_FILE = NewsAppChallenge/Info.plist;
				INFOPLIST_KEY_UIApplicationSupportsIndirectInputEvents = YES;
				INFOPLIST_KEY_UILaunchStoryboardName = LaunchScreen;
				INFOPLIST_KEY_UISupportedInterfaceOrientations_iPad = "UIInterfaceOrientationPortrait UIInterfaceOrientationPortraitUpsideDown UIInterfaceOrientationLandscapeLeft UIInterfaceOrientationLandscapeRight";
				INFOPLIST_KEY_UISupportedInterfaceOrientations_iPhone = "UIInterfaceOrientationPortrait UIInterfaceOrientationLandscapeLeft UIInterfaceOrientationLandscapeRight";
				IPHONEOS_DEPLOYMENT_TARGET = 14.0;
				LD_RUNPATH_SEARCH_PATHS = (
					"$(inherited)",
					"@executable_path/Frameworks",
				);
				MARKETING_VERSION = 1.0;
				PRODUCT_BUNDLE_IDENTIFIER = com.filipeilunga.NewsAppChallenge;
				PRODUCT_NAME = "$(TARGET_NAME)";
				SWIFT_EMIT_LOC_STRINGS = YES;
				SWIFT_VERSION = 5.0;
				TARGETED_DEVICE_FAMILY = "1,2";
			};
			name = Release;
		};
/* End XCBuildConfiguration section */

/* Begin XCConfigurationList section */
		23D41F922BF45AF300E12BAF /* Build configuration list for PBXProject "NewsAppChallenge" */ = {
			isa = XCConfigurationList;
			buildConfigurations = (
				23D41FA92BF45AF400E12BAF /* Debug */,
				23D41FAA2BF45AF400E12BAF /* Release */,
			);
			defaultConfigurationIsVisible = 0;
			defaultConfigurationName = Release;
		};
		23D41FAB2BF45AF400E12BAF /* Build configuration list for PBXNativeTarget "NewsAppChallenge" */ = {
			isa = XCConfigurationList;
			buildConfigurations = (
				23D41FAC2BF45AF400E12BAF /* Debug */,
				23D41FAD2BF45AF400E12BAF /* Release */,
			);
			defaultConfigurationIsVisible = 0;
			defaultConfigurationName = Release;
		};
/* End XCConfigurationList section */
	};
	rootObject = 23D41F8F2BF45AF300E12BAF /* Project object */;
}
