// !$*UTF8*$!
{
	archiveVersion = 1;
	classes = {
	};
	objectVersion = 56;
	objects = {

/* Begin PBXBuildFile section */
		236E65B92BF548D400C76F25 /* NewsCardUICollectionViewCell.swift in Sources */ = {isa = PBXBuildFile; fileRef = 236E65B82BF548D400C76F25 /* NewsCardUICollectionViewCell.swift */; };
		2383D8D32BF5732700197F53 /* NewsTableViewCell.swift in Sources */ = {isa = PBXBuildFile; fileRef = 2383D8D22BF5732700197F53 /* NewsTableViewCell.swift */; };
		2383D8D62BF716FC00197F53 /* Atomic.swift in Sources */ = {isa = PBXBuildFile; fileRef = 2383D8D52BF716FC00197F53 /* Atomic.swift */; };
		2383D8D92BF82CB400197F53 /* CoordinatorProtocol.swift in Sources */ = {isa = PBXBuildFile; fileRef = 2383D8D82BF82CB400197F53 /* CoordinatorProtocol.swift */; };
		2383D8DB2BF82CCD00197F53 /* MainCoordinator.swift in Sources */ = {isa = PBXBuildFile; fileRef = 2383D8DA2BF82CCD00197F53 /* MainCoordinator.swift */; };
		2383D8DD2BF82D4000197F53 /* NewsDetailViewController.swift in Sources */ = {isa = PBXBuildFile; fileRef = 2383D8DC2BF82D4000197F53 /* NewsDetailViewController.swift */; };
		2383D8E12BF9621D00197F53 /* ImageLoader.swift in Sources */ = {isa = PBXBuildFile; fileRef = 2383D8E02BF9621D00197F53 /* ImageLoader.swift */; };
		2383D8E32BF963EB00197F53 /* UIImageLoader.swift in Sources */ = {isa = PBXBuildFile; fileRef = 2383D8E22BF963EB00197F53 /* UIImageLoader.swift */; };
		2383D8E62BF9643900197F53 /* UIImageView+Extension.swift in Sources */ = {isa = PBXBuildFile; fileRef = 2383D8E52BF9643900197F53 /* UIImageView+Extension.swift */; };
		2383D8E82BF9A04200197F53 /* SectionType.swift in Sources */ = {isa = PBXBuildFile; fileRef = 2383D8E72BF9A04100197F53 /* SectionType.swift */; };
		2383D8EA2BFAA63100197F53 /* HorizontalTableViewCell.swift in Sources */ = {isa = PBXBuildFile; fileRef = 2383D8E92BFAA63100197F53 /* HorizontalTableViewCell.swift */; };
		2383D9092BFC31C600197F53 /* NewsAppChallengeTests.swift in Sources */ = {isa = PBXBuildFile; fileRef = 2383D9082BFC31C600197F53 /* NewsAppChallengeTests.swift */; };
		2383D9102BFC321900197F53 /* NetworkServiceTest.swift in Sources */ = {isa = PBXBuildFile; fileRef = 2383D90F2BFC321900197F53 /* NetworkServiceTest.swift */; };
		23B25BBA2BFC547A0076E510 /* URLSessionSpy.swift in Sources */ = {isa = PBXBuildFile; fileRef = 23B25BB92BFC547A0076E510 /* URLSessionSpy.swift */; };
		23B25BBC2BFC548E0076E510 /* URLSessionDataTaskSpy.swift in Sources */ = {isa = PBXBuildFile; fileRef = 23B25BBB2BFC548E0076E510 /* URLSessionDataTaskSpy.swift */; };
		23B25BBF2BFC57A00076E510 /* NewsHomeViewModelTest.swift in Sources */ = {isa = PBXBuildFile; fileRef = 23B25BBE2BFC57A00076E510 /* NewsHomeViewModelTest.swift */; };
		23B25BC32BFC655D0076E510 /* NewsServiceError.swift in Sources */ = {isa = PBXBuildFile; fileRef = 23B25BC22BFC655D0076E510 /* NewsServiceError.swift */; };
		23D41F9B2BF45AF300E12BAF /* AppDelegate.swift in Sources */ = {isa = PBXBuildFile; fileRef = 23D41F9A2BF45AF300E12BAF /* AppDelegate.swift */; };
		23D41F9D2BF45AF300E12BAF /* SceneDelegate.swift in Sources */ = {isa = PBXBuildFile; fileRef = 23D41F9C2BF45AF300E12BAF /* SceneDelegate.swift */; };
		23D41F9F2BF45AF300E12BAF /* NewsHomeViewController.swift in Sources */ = {isa = PBXBuildFile; fileRef = 23D41F9E2BF45AF300E12BAF /* NewsHomeViewController.swift */; };
		23D41FA42BF45AF400E12BAF /* Assets.xcassets in Resources */ = {isa = PBXBuildFile; fileRef = 23D41FA32BF45AF400E12BAF /* Assets.xcassets */; };
		23D41FA72BF45AF400E12BAF /* Base in Resources */ = {isa = PBXBuildFile; fileRef = 23D41FA62BF45AF400E12BAF /* Base */; };
		23D41FB42BF4615900E12BAF /* APIKEY.swift in Sources */ = {isa = PBXBuildFile; fileRef = 23D41FB32BF4615900E12BAF /* APIKEY.swift */; };
		23D41FB62BF46F9600E12BAF /* NewsType.swift in Sources */ = {isa = PBXBuildFile; fileRef = 23D41FB52BF46F9600E12BAF /* NewsType.swift */; };
		23D41FB82BF46FD600E12BAF /* NewsServiceProtocol.swift in Sources */ = {isa = PBXBuildFile; fileRef = 23D41FB72BF46FD600E12BAF /* NewsServiceProtocol.swift */; };
		23D41FBA2BF4702D00E12BAF /* NetworkService.swift in Sources */ = {isa = PBXBuildFile; fileRef = 23D41FB92BF4702D00E12BAF /* NetworkService.swift */; };
		23D41FC02BF471A800E12BAF /* News.swift in Sources */ = {isa = PBXBuildFile; fileRef = 23D41FBF2BF471A800E12BAF /* News.swift */; };
		23D41FC22BF4739D00E12BAF /* NewsHomeViewModel.swift in Sources */ = {isa = PBXBuildFile; fileRef = 23D41FC12BF4739D00E12BAF /* NewsHomeViewModel.swift */; };
		23D41FC52BF5307500E12BAF /* NewsFilterCells.swift in Sources */ = {isa = PBXBuildFile; fileRef = 23D41FC42BF5307500E12BAF /* NewsFilterCells.swift */; };
		23D41FC72BF53BC500E12BAF /* NewsFilterUICollectionView.swift in Sources */ = {isa = PBXBuildFile; fileRef = 23D41FC62BF53BC500E12BAF /* NewsFilterUICollectionView.swift */; };
/* End PBXBuildFile section */

/* Begin PBXContainerItemProxy section */
		2383D90A2BFC31C600197F53 /* PBXContainerItemProxy */ = {
			isa = PBXContainerItemProxy;
			containerPortal = 23D41F8F2BF45AF300E12BAF /* Project object */;
			proxyType = 1;
			remoteGlobalIDString = 23D41F962BF45AF300E12BAF;
			remoteInfo = NewsAppChallenge;
		};
/* End PBXContainerItemProxy section */

/* Begin PBXFileReference section */
		236E65B82BF548D400C76F25 /* NewsCardUICollectionViewCell.swift */ = {isa = PBXFileReference; lastKnownFileType = sourcecode.swift; path = NewsCardUICollectionViewCell.swift; sourceTree = "<group>"; };
		2383D8D22BF5732700197F53 /* NewsTableViewCell.swift */ = {isa = PBXFileReference; lastKnownFileType = sourcecode.swift; path = NewsTableViewCell.swift; sourceTree = "<group>"; };
		2383D8D52BF716FC00197F53 /* Atomic.swift */ = {isa = PBXFileReference; lastKnownFileType = sourcecode.swift; path = Atomic.swift; sourceTree = "<group>"; };
		2383D8D82BF82CB400197F53 /* CoordinatorProtocol.swift */ = {isa = PBXFileReference; lastKnownFileType = sourcecode.swift; path = CoordinatorProtocol.swift; sourceTree = "<group>"; };
		2383D8DA2BF82CCD00197F53 /* MainCoordinator.swift */ = {isa = PBXFileReference; lastKnownFileType = sourcecode.swift; path = MainCoordinator.swift; sourceTree = "<group>"; };
		2383D8DC2BF82D4000197F53 /* NewsDetailViewController.swift */ = {isa = PBXFileReference; lastKnownFileType = sourcecode.swift; path = NewsDetailViewController.swift; sourceTree = "<group>"; };
		2383D8E02BF9621D00197F53 /* ImageLoader.swift */ = {isa = PBXFileReference; lastKnownFileType = sourcecode.swift; path = ImageLoader.swift; sourceTree = "<group>"; };
		2383D8E22BF963EB00197F53 /* UIImageLoader.swift */ = {isa = PBXFileReference; lastKnownFileType = sourcecode.swift; path = UIImageLoader.swift; sourceTree = "<group>"; };
		2383D8E52BF9643900197F53 /* UIImageView+Extension.swift */ = {isa = PBXFileReference; lastKnownFileType = sourcecode.swift; path = "UIImageView+Extension.swift"; sourceTree = "<group>"; };
		2383D8E72BF9A04100197F53 /* SectionType.swift */ = {isa = PBXFileReference; lastKnownFileType = sourcecode.swift; path = SectionType.swift; sourceTree = "<group>"; };
		2383D8E92BFAA63100197F53 /* HorizontalTableViewCell.swift */ = {isa = PBXFileReference; lastKnownFileType = sourcecode.swift; path = HorizontalTableViewCell.swift; sourceTree = "<group>"; };
		2383D9062BFC31C600197F53 /* NewsAppChallengeTests.xctest */ = {isa = PBXFileReference; explicitFileType = wrapper.cfbundle; includeInIndex = 0; path = NewsAppChallengeTests.xctest; sourceTree = BUILT_PRODUCTS_DIR; };
		2383D9082BFC31C600197F53 /* NewsAppChallengeTests.swift */ = {isa = PBXFileReference; lastKnownFileType = sourcecode.swift; path = NewsAppChallengeTests.swift; sourceTree = "<group>"; };
		2383D90F2BFC321900197F53 /* NetworkServiceTest.swift */ = {isa = PBXFileReference; lastKnownFileType = sourcecode.swift; path = NetworkServiceTest.swift; sourceTree = "<group>"; };
		23B25BB92BFC547A0076E510 /* URLSessionSpy.swift */ = {isa = PBXFileReference; lastKnownFileType = sourcecode.swift; path = URLSessionSpy.swift; sourceTree = "<group>"; };
		23B25BBB2BFC548E0076E510 /* URLSessionDataTaskSpy.swift */ = {isa = PBXFileReference; lastKnownFileType = sourcecode.swift; path = URLSessionDataTaskSpy.swift; sourceTree = "<group>"; };
		23B25BBE2BFC57A00076E510 /* NewsHomeViewModelTest.swift */ = {isa = PBXFileReference; lastKnownFileType = sourcecode.swift; path = NewsHomeViewModelTest.swift; sourceTree = "<group>"; };
		23B25BC22BFC655D0076E510 /* NewsServiceError.swift */ = {isa = PBXFileReference; lastKnownFileType = sourcecode.swift; path = NewsServiceError.swift; sourceTree = "<group>"; };
		23D41F972BF45AF300E12BAF /* NewsAppChallenge.app */ = {isa = PBXFileReference; explicitFileType = wrapper.application; includeInIndex = 0; path = NewsAppChallenge.app; sourceTree = BUILT_PRODUCTS_DIR; };
		23D41F9A2BF45AF300E12BAF /* AppDelegate.swift */ = {isa = PBXFileReference; lastKnownFileType = sourcecode.swift; path = AppDelegate.swift; sourceTree = "<group>"; };
		23D41F9C2BF45AF300E12BAF /* SceneDelegate.swift */ = {isa = PBXFileReference; lastKnownFileType = sourcecode.swift; path = SceneDelegate.swift; sourceTree = "<group>"; };
		23D41F9E2BF45AF300E12BAF /* NewsHomeViewController.swift */ = {isa = PBXFileReference; lastKnownFileType = sourcecode.swift; path = NewsHomeViewController.swift; sourceTree = "<group>"; };
		23D41FA32BF45AF400E12BAF /* Assets.xcassets */ = {isa = PBXFileReference; lastKnownFileType = folder.assetcatalog; path = Assets.xcassets; sourceTree = "<group>"; };
		23D41FA62BF45AF400E12BAF /* Base */ = {isa = PBXFileReference; lastKnownFileType = file.storyboard; name = Base; path = Base.lproj/LaunchScreen.storyboard; sourceTree = "<group>"; };
		23D41FA82BF45AF400E12BAF /* Info.plist */ = {isa = PBXFileReference; lastKnownFileType = text.plist.xml; path = Info.plist; sourceTree = "<group>"; };
		23D41FB32BF4615900E12BAF /* APIKEY.swift */ = {isa = PBXFileReference; lastKnownFileType = sourcecode.swift; path = APIKEY.swift; sourceTree = "<group>"; };
		23D41FB52BF46F9600E12BAF /* NewsType.swift */ = {isa = PBXFileReference; lastKnownFileType = sourcecode.swift; path = NewsType.swift; sourceTree = "<group>"; };
		23D41FB72BF46FD600E12BAF /* NewsServiceProtocol.swift */ = {isa = PBXFileReference; lastKnownFileType = sourcecode.swift; path = NewsServiceProtocol.swift; sourceTree = "<group>"; };
		23D41FB92BF4702D00E12BAF /* NetworkService.swift */ = {isa = PBXFileReference; lastKnownFileType = sourcecode.swift; path = NetworkService.swift; sourceTree = "<group>"; };
		23D41FBF2BF471A800E12BAF /* News.swift */ = {isa = PBXFileReference; lastKnownFileType = sourcecode.swift; path = News.swift; sourceTree = "<group>"; };
		23D41FC12BF4739D00E12BAF /* NewsHomeViewModel.swift */ = {isa = PBXFileReference; lastKnownFileType = sourcecode.swift; path = NewsHomeViewModel.swift; sourceTree = "<group>"; };
		23D41FC42BF5307500E12BAF /* NewsFilterCells.swift */ = {isa = PBXFileReference; lastKnownFileType = sourcecode.swift; path = NewsFilterCells.swift; sourceTree = "<group>"; };
		23D41FC62BF53BC500E12BAF /* NewsFilterUICollectionView.swift */ = {isa = PBXFileReference; lastKnownFileType = sourcecode.swift; path = NewsFilterUICollectionView.swift; sourceTree = "<group>"; };
/* End PBXFileReference section */

/* Begin PBXFrameworksBuildPhase section */
		2383D9032BFC31C600197F53 /* Frameworks */ = {
			isa = PBXFrameworksBuildPhase;
			buildActionMask = 2147483647;
			files = (
			);
			runOnlyForDeploymentPostprocessing = 0;
		};
		23D41F942BF45AF300E12BAF /* Frameworks */ = {
			isa = PBXFrameworksBuildPhase;
			buildActionMask = 2147483647;
			files = (
			);
			runOnlyForDeploymentPostprocessing = 0;
		};
/* End PBXFrameworksBuildPhase section */

/* Begin PBXGroup section */
		2383D8D42BF716EE00197F53 /* utils */ = {
			isa = PBXGroup;
			children = (
				2383D8D52BF716FC00197F53 /* Atomic.swift */,
				2383D8E02BF9621D00197F53 /* ImageLoader.swift */,
				2383D8E22BF963EB00197F53 /* UIImageLoader.swift */,
				2383D8E72BF9A04100197F53 /* SectionType.swift */,
			);
			path = utils;
			sourceTree = "<group>";
		};
		2383D8D72BF82C7A00197F53 /* Coordinator */ = {
			isa = PBXGroup;
			children = (
				2383D8D82BF82CB400197F53 /* CoordinatorProtocol.swift */,
				2383D8DA2BF82CCD00197F53 /* MainCoordinator.swift */,
			);
			path = Coordinator;
			sourceTree = "<group>";
		};
		2383D8E42BF9642700197F53 /* Extension */ = {
			isa = PBXGroup;
			children = (
				2383D8E52BF9643900197F53 /* UIImageView+Extension.swift */,
			);
			path = Extension;
			sourceTree = "<group>";
		};
		2383D9072BFC31C600197F53 /* NewsAppChallengeTests */ = {
			isa = PBXGroup;
			children = (
				23B25BBD2BFC57070076E510 /* NetworkTests */,
				23B25BBE2BFC57A00076E510 /* NewsHomeViewModelTest.swift */,
			);
			path = NewsAppChallengeTests;
			sourceTree = "<group>";
		};
		23B25BBD2BFC57070076E510 /* NetworkTests */ = {
			isa = PBXGroup;
			children = (
				2383D9082BFC31C600197F53 /* NewsAppChallengeTests.swift */,
				2383D90F2BFC321900197F53 /* NetworkServiceTest.swift */,
				23B25BB92BFC547A0076E510 /* URLSessionSpy.swift */,
				23B25BBB2BFC548E0076E510 /* URLSessionDataTaskSpy.swift */,
			);
			path = NetworkTests;
			sourceTree = "<group>";
		};
		23D41F8E2BF45AF300E12BAF = {
			isa = PBXGroup;
			children = (
				23D41F992BF45AF300E12BAF /* NewsAppChallenge */,
				2383D9072BFC31C600197F53 /* NewsAppChallengeTests */,
				23D41F982BF45AF300E12BAF /* Products */,
			);
			sourceTree = "<group>";
		};
		23D41F982BF45AF300E12BAF /* Products */ = {
			isa = PBXGroup;
			children = (
				23D41F972BF45AF300E12BAF /* NewsAppChallenge.app */,
				2383D9062BFC31C600197F53 /* NewsAppChallengeTests.xctest */,
			);
			name = Products;
			sourceTree = "<group>";
		};
		23D41F992BF45AF300E12BAF /* NewsAppChallenge */ = {
			isa = PBXGroup;
			children = (
				2383D8E42BF9642700197F53 /* Extension */,
				2383D8D72BF82C7A00197F53 /* Coordinator */,
				2383D8D42BF716EE00197F53 /* utils */,
				23D41FBD2BF4719300E12BAF /* Model */,
				23D41FB02BF45CE100E12BAF /* NetworkService */,
				23D41FAE2BF45CCE00E12BAF /* Views */,
				23D41F9A2BF45AF300E12BAF /* AppDelegate.swift */,
				23D41F9C2BF45AF300E12BAF /* SceneDelegate.swift */,
				23D41FA32BF45AF400E12BAF /* Assets.xcassets */,
				23D41FA52BF45AF400E12BAF /* LaunchScreen.storyboard */,
				23D41FA82BF45AF400E12BAF /* Info.plist */,
			);
			path = NewsAppChallenge;
			sourceTree = "<group>";
		};
		23D41FAE2BF45CCE00E12BAF /* Views */ = {
			isa = PBXGroup;
			children = (
				23D41FB22BF45CFE00E12BAF /* DetailsScreen */,
				23D41FB12BF45CF100E12BAF /* HomeScreen */,
				23D41FAF2BF45CD900E12BAF /* Components */,
			);
			path = Views;
			sourceTree = "<group>";
		};
		23D41FAF2BF45CD900E12BAF /* Components */ = {
			isa = PBXGroup;
			children = (
				23D41FC32BF5305900E12BAF /* Cells */,
				23D41FC62BF53BC500E12BAF /* NewsFilterUICollectionView.swift */,
			);
			path = Components;
			sourceTree = "<group>";
		};
		23D41FB02BF45CE100E12BAF /* NetworkService */ = {
			isa = PBXGroup;
			children = (
				23D41FB32BF4615900E12BAF /* APIKEY.swift */,
				23D41FB52BF46F9600E12BAF /* NewsType.swift */,
				23D41FB72BF46FD600E12BAF /* NewsServiceProtocol.swift */,
				23D41FB92BF4702D00E12BAF /* NetworkService.swift */,
				23B25BC22BFC655D0076E510 /* NewsServiceError.swift */,
			);
			path = NetworkService;
			sourceTree = "<group>";
		};
		23D41FB12BF45CF100E12BAF /* HomeScreen */ = {
			isa = PBXGroup;
			children = (
				23D41F9E2BF45AF300E12BAF /* NewsHomeViewController.swift */,
				23D41FC12BF4739D00E12BAF /* NewsHomeViewModel.swift */,
			);
			path = HomeScreen;
			sourceTree = "<group>";
		};
		23D41FB22BF45CFE00E12BAF /* DetailsScreen */ = {
			isa = PBXGroup;
			children = (
				2383D8DC2BF82D4000197F53 /* NewsDetailViewController.swift */,
			);
			path = DetailsScreen;
			sourceTree = "<group>";
		};
		23D41FBD2BF4719300E12BAF /* Model */ = {
			isa = PBXGroup;
			children = (
				23D41FBF2BF471A800E12BAF /* News.swift */,
			);
			path = Model;
			sourceTree = "<group>";
		};
		23D41FC32BF5305900E12BAF /* Cells */ = {
			isa = PBXGroup;
			children = (
				23D41FC42BF5307500E12BAF /* NewsFilterCells.swift */,
				236E65B82BF548D400C76F25 /* NewsCardUICollectionViewCell.swift */,
				2383D8D22BF5732700197F53 /* NewsTableViewCell.swift */,
				2383D8E92BFAA63100197F53 /* HorizontalTableViewCell.swift */,
			);
			path = Cells;
			sourceTree = "<group>";
		};
/* End PBXGroup section */

/* Begin PBXNativeTarget section */
		2383D9052BFC31C600197F53 /* NewsAppChallengeTests */ = {
			isa = PBXNativeTarget;
			buildConfigurationList = 2383D90E2BFC31C600197F53 /* Build configuration list for PBXNativeTarget "NewsAppChallengeTests" */;
			buildPhases = (
				2383D9022BFC31C600197F53 /* Sources */,
				2383D9032BFC31C600197F53 /* Frameworks */,
				2383D9042BFC31C600197F53 /* Resources */,
			);
			buildRules = (
			);
			dependencies = (
				2383D90B2BFC31C600197F53 /* PBXTargetDependency */,
			);
			name = NewsAppChallengeTests;
			productName = NewsAppChallengeTests;
			productReference = 2383D9062BFC31C600197F53 /* NewsAppChallengeTests.xctest */;
			productType = "com.apple.product-type.bundle.unit-test";
		};
		23D41F962BF45AF300E12BAF /* NewsAppChallenge */ = {
			isa = PBXNativeTarget;
			buildConfigurationList = 23D41FAB2BF45AF400E12BAF /* Build configuration list for PBXNativeTarget "NewsAppChallenge" */;
			buildPhases = (
				23D41F932BF45AF300E12BAF /* Sources */,
				23D41F942BF45AF300E12BAF /* Frameworks */,
				23D41F952BF45AF300E12BAF /* Resources */,
			);
			buildRules = (
			);
			dependencies = (
			);
			name = NewsAppChallenge;
			productName = NewsAppChallenge;
			productReference = 23D41F972BF45AF300E12BAF /* NewsAppChallenge.app */;
			productType = "com.apple.product-type.application";
		};
/* End PBXNativeTarget section */

/* Begin PBXProject section */
		23D41F8F2BF45AF300E12BAF /* Project object */ = {
			isa = PBXProject;
			attributes = {
				BuildIndependentTargetsInParallel = 1;
				LastSwiftUpdateCheck = 1530;
				LastUpgradeCheck = 1530;
				TargetAttributes = {
					2383D9052BFC31C600197F53 = {
						CreatedOnToolsVersion = 15.3;
						TestTargetID = 23D41F962BF45AF300E12BAF;
					};
					23D41F962BF45AF300E12BAF = {
						CreatedOnToolsVersion = 15.3;
					};
				};
			};
			buildConfigurationList = 23D41F922BF45AF300E12BAF /* Build configuration list for PBXProject "NewsAppChallenge" */;
			compatibilityVersion = "Xcode 14.0";
			developmentRegion = en;
			hasScannedForEncodings = 0;
			knownRegions = (
				en,
				Base,
			);
			mainGroup = 23D41F8E2BF45AF300E12BAF;
			productRefGroup = 23D41F982BF45AF300E12BAF /* Products */;
			projectDirPath = "";
			projectRoot = "";
			targets = (
				23D41F962BF45AF300E12BAF /* NewsAppChallenge */,
				2383D9052BFC31C600197F53 /* NewsAppChallengeTests */,
			);
		};
/* End PBXProject section */

/* Begin PBXResourcesBuildPhase section */
		2383D9042BFC31C600197F53 /* Resources */ = {
			isa = PBXResourcesBuildPhase;
			buildActionMask = 2147483647;
			files = (
			);
			runOnlyForDeploymentPostprocessing = 0;
		};
		23D41F952BF45AF300E12BAF /* Resources */ = {
			isa = PBXResourcesBuildPhase;
			buildActionMask = 2147483647;
			files = (
				23D41FA42BF45AF400E12BAF /* Assets.xcassets in Resources */,
				23D41FA72BF45AF400E12BAF /* Base in Resources */,
			);
			runOnlyForDeploymentPostprocessing = 0;
		};
/* End PBXResourcesBuildPhase section */

/* Begin PBXSourcesBuildPhase section */
		2383D9022BFC31C600197F53 /* Sources */ = {
			isa = PBXSourcesBuildPhase;
			buildActionMask = 2147483647;
			files = (
				2383D9102BFC321900197F53 /* NetworkServiceTest.swift in Sources */,
				23B25BBF2BFC57A00076E510 /* NewsHomeViewModelTest.swift in Sources */,
				23B25BBA2BFC547A0076E510 /* URLSessionSpy.swift in Sources */,
				23B25BBC2BFC548E0076E510 /* URLSessionDataTaskSpy.swift in Sources */,
				2383D9092BFC31C600197F53 /* NewsAppChallengeTests.swift in Sources */,
			);
			runOnlyForDeploymentPostprocessing = 0;
		};
		23D41F932BF45AF300E12BAF /* Sources */ = {
			isa = PBXSourcesBuildPhase;
			buildActionMask = 2147483647;
			files = (
				2383D8DB2BF82CCD00197F53 /* MainCoordinator.swift in Sources */,
				23B25BC32BFC655D0076E510 /* NewsServiceError.swift in Sources */,
				23D41FC52BF5307500E12BAF /* NewsFilterCells.swift in Sources */,
				2383D8E12BF9621D00197F53 /* ImageLoader.swift in Sources */,
				2383D8E82BF9A04200197F53 /* SectionType.swift in Sources */,
				236E65B92BF548D400C76F25 /* NewsCardUICollectionViewCell.swift in Sources */,
				2383D8D32BF5732700197F53 /* NewsTableViewCell.swift in Sources */,
				23D41F9F2BF45AF300E12BAF /* NewsHomeViewController.swift in Sources */,
				2383D8D62BF716FC00197F53 /* Atomic.swift in Sources */,
				2383D8DD2BF82D4000197F53 /* NewsDetailViewController.swift in Sources */,
				23D41FC22BF4739D00E12BAF /* NewsHomeViewModel.swift in Sources */,
				23D41F9B2BF45AF300E12BAF /* AppDelegate.swift in Sources */,
				23D41FC02BF471A800E12BAF /* News.swift in Sources */,
				2383D8E32BF963EB00197F53 /* UIImageLoader.swift in Sources */,
				23D41FB82BF46FD600E12BAF /* NewsServiceProtocol.swift in Sources */,
				2383D8EA2BFAA63100197F53 /* HorizontalTableViewCell.swift in Sources */,
				2383D8D92BF82CB400197F53 /* CoordinatorProtocol.swift in Sources */,
				23D41FBA2BF4702D00E12BAF /* NetworkService.swift in Sources */,
				23D41FB62BF46F9600E12BAF /* NewsType.swift in Sources */,
				2383D8E62BF9643900197F53 /* UIImageView+Extension.swift in Sources */,
				23D41FB42BF4615900E12BAF /* APIKEY.swift in Sources */,
				23D41FC72BF53BC500E12BAF /* NewsFilterUICollectionView.swift in Sources */,
				23D41F9D2BF45AF300E12BAF /* SceneDelegate.swift in Sources */,
			);
			runOnlyForDeploymentPostprocessing = 0;
		};
/* End PBXSourcesBuildPhase section */

/* Begin PBXTargetDependency section */
		2383D90B2BFC31C600197F53 /* PBXTargetDependency */ = {
			isa = PBXTargetDependency;
			target = 23D41F962BF45AF300E12BAF /* NewsAppChallenge */;
			targetProxy = 2383D90A2BFC31C600197F53 /* PBXContainerItemProxy */;
		};
/* End PBXTargetDependency section */

/* Begin PBXVariantGroup section */
		23D41FA52BF45AF400E12BAF /* LaunchScreen.storyboard */ = {
			isa = PBXVariantGroup;
			children = (
				23D41FA62BF45AF400E12BAF /* Base */,
			);
			name = LaunchScreen.storyboard;
			sourceTree = "<group>";
		};
/* End PBXVariantGroup section */

/* Begin XCBuildConfiguration section */
		2383D90C2BFC31C600197F53 /* Debug */ = {
			isa = XCBuildConfiguration;
			buildSettings = {
				BUNDLE_LOADER = "$(TEST_HOST)";
				CODE_SIGN_STYLE = Automatic;
				CURRENT_PROJECT_VERSION = 1;
				DEVELOPMENT_TEAM = TPM3CS87N5;
				GENERATE_INFOPLIST_FILE = YES;
				IPHONEOS_DEPLOYMENT_TARGET = 17.4;
				MARKETING_VERSION = 1.0;
				PRODUCT_BUNDLE_IDENTIFIER = com.filipeilunga.NewsAppChallengeTests;
				PRODUCT_NAME = "$(TARGET_NAME)";
				SWIFT_EMIT_LOC_STRINGS = NO;
				SWIFT_VERSION = 5.0;
				TARGETED_DEVICE_FAMILY = "1,2";
				TEST_HOST = "$(BUILT_PRODUCTS_DIR)/NewsAppChallenge.app/$(BUNDLE_EXECUTABLE_FOLDER_PATH)/NewsAppChallenge";
			};
			name = Debug;
		};
		2383D90D2BFC31C600197F53 /* Release */ = {
			isa = XCBuildConfiguration;
			buildSettings = {
				BUNDLE_LOADER = "$(TEST_HOST)";
				CODE_SIGN_STYLE = Automatic;
				CURRENT_PROJECT_VERSION = 1;
				DEVELOPMENT_TEAM = TPM3CS87N5;
				GENERATE_INFOPLIST_FILE = YES;
				IPHONEOS_DEPLOYMENT_TARGET = 17.4;
				MARKETING_VERSION = 1.0;
				PRODUCT_BUNDLE_IDENTIFIER = com.filipeilunga.NewsAppChallengeTests;
				PRODUCT_NAME = "$(TARGET_NAME)";
				SWIFT_EMIT_LOC_STRINGS = NO;
				SWIFT_VERSION = 5.0;
				TARGETED_DEVICE_FAMILY = "1,2";
				TEST_HOST = "$(BUILT_PRODUCTS_DIR)/NewsAppChallenge.app/$(BUNDLE_EXECUTABLE_FOLDER_PATH)/NewsAppChallenge";
			};
			name = Release;
		};
		23D41FA92BF45AF400E12BAF /* Debug */ = {
			isa = XCBuildConfiguration;
			buildSettings = {
				ALWAYS_SEARCH_USER_PATHS = NO;
				ASSETCATALOG_COMPILER_GENERATE_SWIFT_ASSET_SYMBOL_EXTENSIONS = YES;
				CLANG_ANALYZER_NONNULL = YES;
				CLANG_ANALYZER_NUMBER_OBJECT_CONVERSION = YES_AGGRESSIVE;
				CLANG_CXX_LANGUAGE_STANDARD = "gnu++20";
				CLANG_ENABLE_MODULES = YES;
				CLANG_ENABLE_OBJC_ARC = YES;
				CLANG_ENABLE_OBJC_WEAK = YES;
				CLANG_WARN_BLOCK_CAPTURE_AUTORELEASING = YES;
				CLANG_WARN_BOOL_CONVERSION = YES;
				CLANG_WARN_COMMA = YES;
				CLANG_WARN_CONSTANT_CONVERSION = YES;
				CLANG_WARN_DEPRECATED_OBJC_IMPLEMENTATIONS = YES;
				CLANG_WARN_DIRECT_OBJC_ISA_USAGE = YES_ERROR;
				CLANG_WARN_DOCUMENTATION_COMMENTS = YES;
				CLANG_WARN_EMPTY_BODY = YES;
				CLANG_WARN_ENUM_CONVERSION = YES;
				CLANG_WARN_INFINITE_RECURSION = YES;
				CLANG_WARN_INT_CONVERSION = YES;
				CLANG_WARN_NON_LITERAL_NULL_CONVERSION = YES;
				CLANG_WARN_OBJC_IMPLICIT_RETAIN_SELF = YES;
				CLANG_WARN_OBJC_LITERAL_CONVERSION = YES;
				CLANG_WARN_OBJC_ROOT_CLASS = YES_ERROR;
				CLANG_WARN_QUOTED_INCLUDE_IN_FRAMEWORK_HEADER = YES;
				CLANG_WARN_RANGE_LOOP_ANALYSIS = YES;
				CLANG_WARN_STRICT_PROTOTYPES = YES;
				CLANG_WARN_SUSPICIOUS_MOVE = YES;
				CLANG_WARN_UNGUARDED_AVAILABILITY = YES_AGGRESSIVE;
				CLANG_WARN_UNREACHABLE_CODE = YES;
				CLANG_WARN__DUPLICATE_METHOD_MATCH = YES;
				COPY_PHASE_STRIP = NO;
				DEBUG_INFORMATION_FORMAT = dwarf;
				ENABLE_STRICT_OBJC_MSGSEND = YES;
				ENABLE_TESTABILITY = YES;
				ENABLE_USER_SCRIPT_SANDBOXING = YES;
				GCC_C_LANGUAGE_STANDARD = gnu17;
				GCC_DYNAMIC_NO_PIC = NO;
				GCC_NO_COMMON_BLOCKS = YES;
				GCC_OPTIMIZATION_LEVEL = 0;
				GCC_PREPROCESSOR_DEFINITIONS = (
					"DEBUG=1",
					"$(inherited)",
				);
				GCC_WARN_64_TO_32_BIT_CONVERSION = YES;
				GCC_WARN_ABOUT_RETURN_TYPE = YES_ERROR;
				GCC_WARN_UNDECLARED_SELECTOR = YES;
				GCC_WARN_UNINITIALIZED_AUTOS = YES_AGGRESSIVE;
				GCC_WARN_UNUSED_FUNCTION = YES;
				GCC_WARN_UNUSED_VARIABLE = YES;
				IPHONEOS_DEPLOYMENT_TARGET = 14.0;
				LOCALIZATION_PREFERS_STRING_CATALOGS = YES;
				MTL_ENABLE_DEBUG_INFO = INCLUDE_SOURCE;
				MTL_FAST_MATH = YES;
				ONLY_ACTIVE_ARCH = YES;
				SDKROOT = iphoneos;
				SWIFT_ACTIVE_COMPILATION_CONDITIONS = "DEBUG $(inherited)";
				SWIFT_OPTIMIZATION_LEVEL = "-Onone";
			};
			name = Debug;
		};
		23D41FAA2BF45AF400E12BAF /* Release */ = {
			isa = XCBuildConfiguration;
			buildSettings = {
				ALWAYS_SEARCH_USER_PATHS = NO;
				ASSETCATALOG_COMPILER_GENERATE_SWIFT_ASSET_SYMBOL_EXTENSIONS = YES;
				CLANG_ANALYZER_NONNULL = YES;
				CLANG_ANALYZER_NUMBER_OBJECT_CONVERSION = YES_AGGRESSIVE;
				CLANG_CXX_LANGUAGE_STANDARD = "gnu++20";
				CLANG_ENABLE_MODULES = YES;
				CLANG_ENABLE_OBJC_ARC = YES;
				CLANG_ENABLE_OBJC_WEAK = YES;
				CLANG_WARN_BLOCK_CAPTURE_AUTORELEASING = YES;
				CLANG_WARN_BOOL_CONVERSION = YES;
				CLANG_WARN_COMMA = YES;
				CLANG_WARN_CONSTANT_CONVERSION = YES;
				CLANG_WARN_DEPRECATED_OBJC_IMPLEMENTATIONS = YES;
				CLANG_WARN_DIRECT_OBJC_ISA_USAGE = YES_ERROR;
				CLANG_WARN_DOCUMENTATION_COMMENTS = YES;
				CLANG_WARN_EMPTY_BODY = YES;
				CLANG_WARN_ENUM_CONVERSION = YES;
				CLANG_WARN_INFINITE_RECURSION = YES;
				CLANG_WARN_INT_CONVERSION = YES;
				CLANG_WARN_NON_LITERAL_NULL_CONVERSION = YES;
				CLANG_WARN_OBJC_IMPLICIT_RETAIN_SELF = YES;
				CLANG_WARN_OBJC_LITERAL_CONVERSION = YES;
				CLANG_WARN_OBJC_ROOT_CLASS = YES_ERROR;
				CLANG_WARN_QUOTED_INCLUDE_IN_FRAMEWORK_HEADER = YES;
				CLANG_WARN_RANGE_LOOP_ANALYSIS = YES;
				CLANG_WARN_STRICT_PROTOTYPES = YES;
				CLANG_WARN_SUSPICIOUS_MOVE = YES;
				CLANG_WARN_UNGUARDED_AVAILABILITY = YES_AGGRESSIVE;
				CLANG_WARN_UNREACHABLE_CODE = YES;
				CLANG_WARN__DUPLICATE_METHOD_MATCH = YES;
				COPY_PHASE_STRIP = NO;
				DEBUG_INFORMATION_FORMAT = "dwarf-with-dsym";
				ENABLE_NS_ASSERTIONS = NO;
				ENABLE_STRICT_OBJC_MSGSEND = YES;
				ENABLE_USER_SCRIPT_SANDBOXING = YES;
				GCC_C_LANGUAGE_STANDARD = gnu17;
				GCC_NO_COMMON_BLOCKS = YES;
				GCC_WARN_64_TO_32_BIT_CONVERSION = YES;
				GCC_WARN_ABOUT_RETURN_TYPE = YES_ERROR;
				GCC_WARN_UNDECLARED_SELECTOR = YES;
				GCC_WARN_UNINITIALIZED_AUTOS = YES_AGGRESSIVE;
				GCC_WARN_UNUSED_FUNCTION = YES;
				GCC_WARN_UNUSED_VARIABLE = YES;
				IPHONEOS_DEPLOYMENT_TARGET = 14.0;
				LOCALIZATION_PREFERS_STRING_CATALOGS = YES;
				MTL_ENABLE_DEBUG_INFO = NO;
				MTL_FAST_MATH = YES;
				SDKROOT = iphoneos;
				SWIFT_COMPILATION_MODE = wholemodule;
				VALIDATE_PRODUCT = YES;
			};
			name = Release;
		};
		23D41FAC2BF45AF400E12BAF /* Debug */ = {
			isa = XCBuildConfiguration;
			buildSettings = {
				ASSETCATALOG_COMPILER_APPICON_NAME = AppIcon;
				ASSETCATALOG_COMPILER_GLOBAL_ACCENT_COLOR_NAME = AccentColor;
				CODE_SIGN_STYLE = Automatic;
				CURRENT_PROJECT_VERSION = 1;
				DEVELOPMENT_TEAM = TPM3CS87N5;
				GENERATE_INFOPLIST_FILE = YES;
				INFOPLIST_FILE = NewsAppChallenge/Info.plist;
				INFOPLIST_KEY_UIApplicationSupportsIndirectInputEvents = YES;
				INFOPLIST_KEY_UILaunchStoryboardName = LaunchScreen;
				INFOPLIST_KEY_UISupportedInterfaceOrientations_iPad = "UIInterfaceOrientationPortrait UIInterfaceOrientationPortraitUpsideDown UIInterfaceOrientationLandscapeLeft UIInterfaceOrientationLandscapeRight";
				INFOPLIST_KEY_UISupportedInterfaceOrientations_iPhone = "UIInterfaceOrientationPortrait UIInterfaceOrientationLandscapeLeft UIInterfaceOrientationLandscapeRight";
				IPHONEOS_DEPLOYMENT_TARGET = 14.0;
				LD_RUNPATH_SEARCH_PATHS = (
					"$(inherited)",
					"@executable_path/Frameworks",
				);
				MARKETING_VERSION = 1.0;
				PRODUCT_BUNDLE_IDENTIFIER = com.filipeilunga.NewsAppChallenge;
				PRODUCT_NAME = "$(TARGET_NAME)";
				SWIFT_EMIT_LOC_STRINGS = YES;
				SWIFT_VERSION = 5.0;
				TARGETED_DEVICE_FAMILY = "1,2";
			};
			name = Debug;
		};
		23D41FAD2BF45AF400E12BAF /* Release */ = {
			isa = XCBuildConfiguration;
			buildSettings = {
				ASSETCATALOG_COMPILER_APPICON_NAME = AppIcon;
				ASSETCATALOG_COMPILER_GLOBAL_ACCENT_COLOR_NAME = AccentColor;
				CODE_SIGN_STYLE = Automatic;
				CURRENT_PROJECT_VERSION = 1;
				DEVELOPMENT_TEAM = TPM3CS87N5;
				GENERATE_INFOPLIST_FILE = YES;
				INFOPLIST_FILE = NewsAppChallenge/Info.plist;
				INFOPLIST_KEY_UIApplicationSupportsIndirectInputEvents = YES;
				INFOPLIST_KEY_UILaunchStoryboardName = LaunchScreen;
				INFOPLIST_KEY_UISupportedInterfaceOrientations_iPad = "UIInterfaceOrientationPortrait UIInterfaceOrientationPortraitUpsideDown UIInterfaceOrientationLandscapeLeft UIInterfaceOrientationLandscapeRight";
				INFOPLIST_KEY_UISupportedInterfaceOrientations_iPhone = "UIInterfaceOrientationPortrait UIInterfaceOrientationLandscapeLeft UIInterfaceOrientationLandscapeRight";
				IPHONEOS_DEPLOYMENT_TARGET = 14.0;
				LD_RUNPATH_SEARCH_PATHS = (
					"$(inherited)",
					"@executable_path/Frameworks",
				);
				MARKETING_VERSION = 1.0;
				PRODUCT_BUNDLE_IDENTIFIER = com.filipeilunga.NewsAppChallenge;
				PRODUCT_NAME = "$(TARGET_NAME)";
				SWIFT_EMIT_LOC_STRINGS = YES;
				SWIFT_VERSION = 5.0;
				TARGETED_DEVICE_FAMILY = "1,2";
			};
			name = Release;
		};
/* End XCBuildConfiguration section */

/* Begin XCConfigurationList section */
		2383D90E2BFC31C600197F53 /* Build configuration list for PBXNativeTarget "NewsAppChallengeTests" */ = {
			isa = XCConfigurationList;
			buildConfigurations = (
				2383D90C2BFC31C600197F53 /* Debug */,
				2383D90D2BFC31C600197F53 /* Release */,
			);
			defaultConfigurationIsVisible = 0;
			defaultConfigurationName = Release;
		};
		23D41F922BF45AF300E12BAF /* Build configuration list for PBXProject "NewsAppChallenge" */ = {
			isa = XCConfigurationList;
			buildConfigurations = (
				23D41FA92BF45AF400E12BAF /* Debug */,
				23D41FAA2BF45AF400E12BAF /* Release */,
			);
			defaultConfigurationIsVisible = 0;
			defaultConfigurationName = Release;
		};
		23D41FAB2BF45AF400E12BAF /* Build configuration list for PBXNativeTarget "NewsAppChallenge" */ = {
			isa = XCConfigurationList;
			buildConfigurations = (
				23D41FAC2BF45AF400E12BAF /* Debug */,
				23D41FAD2BF45AF400E12BAF /* Release */,
			);
			defaultConfigurationIsVisible = 0;
			defaultConfigurationName = Release;
		};
/* End XCConfigurationList section */
	};
	rootObject = 23D41F8F2BF45AF300E12BAF /* Project object */;
}
